
Microsoft Visual Studio Solution File, Format Version 12.00
# Visual Studio Version 17
VisualStudioVersion = 17.14.36603.0 d17.14
MinimumVisualStudioVersion = 10.0.40219.1
Project("{FAE04EC0-301F-11D3-BF4B-00C04F79EFBC}") = "ServeSys.API", "ServeSys.API\ServeSys.API.csproj", "{F82E1B36-D592-4DCF-A5AC-A346822DE26F}"
EndProject
Global
	GlobalSection(SolutionConfigurationPlatforms) = preSolution
		Debug|Any CPU = Debug|Any CPU
		Release|Any CPU = Release|Any CPU
	EndGlobalSection
	GlobalSection(ProjectConfigurationPlatforms) = postSolution
		{F82E1B36-D592-4DCF-A5AC-A346822DE26F}.Debug|Any CPU.ActiveCfg = Debug|Any CPU
		{F82E1B36-D592-4DCF-A5AC-A346822DE26F}.Debug|Any CPU.Build.0 = Debug|Any CPU
		{F82E1B36-D592-4DCF-A5AC-A346822DE26F}.Release|Any CPU.ActiveCfg = Release|Any CPU
		{F82E1B36-D592-4DCF-A5AC-A346822DE26F}.Release|Any CPU.Build.0 = Release|Any CPU
	EndGlobalSection
	GlobalSection(SolutionProperties) = preSolution
		HideSolutionNode = FALSE
	EndGlobalSection
	GlobalSection(ExtensibilityGlobals) = postSolution
		SolutionGuid = {7CDA9178-3DFA-4DC7-9BAA-3C279829FB27}
	EndGlobalSection
EndGlobal
